// !$*UTF8*$!
{
	archiveVersion = 1;
	classes = {
	};
	objectVersion = 56;
	objects = {

/* Begin PBXBuildFile section */
		B50C647D29C095E400DF5AB3 /* UserResponse.swift in Sources */ = {isa = PBXBuildFile; fileRef = B50C647C29C095E400DF5AB3 /* UserResponse.swift */; };
		B515030329A3D5B900D87787 /* AsyncManager.swift in Sources */ = {isa = PBXBuildFile; fileRef = B515030229A3D5B900D87787 /* AsyncManager.swift */; };
		B515030529A3D91200D87787 /* ActivityIndicator.swift in Sources */ = {isa = PBXBuildFile; fileRef = B515030429A3D91200D87787 /* ActivityIndicator.swift */; };
		B531716F2998F40500BE5482 /* AppView.swift in Sources */ = {isa = PBXBuildFile; fileRef = B531716E2998F40500BE5482 /* AppView.swift */; };
		B532DB262A33384A006B604C /* SaveClient.swift in Sources */ = {isa = PBXBuildFile; fileRef = B532DB252A33384A006B604C /* SaveClient.swift */; };
		B532DB282A3343BB006B604C /* OauthViewConroller.swift in Sources */ = {isa = PBXBuildFile; fileRef = B532DB272A3343BB006B604C /* OauthViewConroller.swift */; };
		B532DB2B2A334B6A006B604C /* Logging in Frameworks */ = {isa = PBXBuildFile; productRef = B532DB2A2A334B6A006B604C /* Logging */; };
		B562C2F429A7992000559233 /* ExpirationTokenModel.swift in Sources */ = {isa = PBXBuildFile; fileRef = B562C2F329A7992000559233 /* ExpirationTokenModel.swift */; };
		B562C2F629A7A73300559233 /* TaskResult+Extension.swift in Sources */ = {isa = PBXBuildFile; fileRef = B562C2F529A7A73300559233 /* TaskResult+Extension.swift */; };
		B56CA1DE2A14F6B300131219 /* ViewModifiers.swift in Sources */ = {isa = PBXBuildFile; fileRef = B56CA1DD2A14F6B300131219 /* ViewModifiers.swift */; };
		B58153152A1D58CC00E34368 /* Moya+Extension.swift in Sources */ = {isa = PBXBuildFile; fileRef = B58153142A1D58CC00E34368 /* Moya+Extension.swift */; };
		B581531D2A1F716200E34368 /* SearchFeatureTests.swift in Sources */ = {isa = PBXBuildFile; fileRef = B581531C2A1F716200E34368 /* SearchFeatureTests.swift */; };
		B581532C2A1F9DD200E34368 /* RepoView.swift in Sources */ = {isa = PBXBuildFile; fileRef = B581532B2A1F9DD200E34368 /* RepoView.swift */; };
		B58696872A2DCCAD00D713AF /* OAuthSwift in Frameworks */ = {isa = PBXBuildFile; productRef = B58696862A2DCCAD00D713AF /* OAuthSwift */; };
		B58696892A2DCCE500D713AF /* AppDelegate.swift in Sources */ = {isa = PBXBuildFile; fileRef = B58696882A2DCCE500D713AF /* AppDelegate.swift */; };
		B5891BBC2A288FD800017BD5 /* Cache.swift in Sources */ = {isa = PBXBuildFile; fileRef = B5891BBB2A288FD700017BD5 /* Cache.swift */; };
		B5891BBF2A2893BD00017BD5 /* Tagged in Frameworks */ = {isa = PBXBuildFile; productRef = B5891BBE2A2893BD00017BD5 /* Tagged */; };
		B5891BC22A289B9C00017BD5 /* OrderedCollections in Frameworks */ = {isa = PBXBuildFile; productRef = B5891BC12A289B9C00017BD5 /* OrderedCollections */; };
		B58CCBCA299F91A500B4BAED /* Binding+Extension.swift in Sources */ = {isa = PBXBuildFile; fileRef = B58CCBC9299F91A500B4BAED /* Binding+Extension.swift */; };
		B5A6E8492A21060400B08F79 /* UserStateModels.swift in Sources */ = {isa = PBXBuildFile; fileRef = B5A6E8482A21060400B08F79 /* UserStateModels.swift */; };
		B5B6F17C2997D282005727BB /* GitHub_App_ComposableApp.swift in Sources */ = {isa = PBXBuildFile; fileRef = B5B6F17B2997D282005727BB /* GitHub_App_ComposableApp.swift */; };
		B5B6F1802997D283005727BB /* Assets.xcassets in Resources */ = {isa = PBXBuildFile; fileRef = B5B6F17F2997D283005727BB /* Assets.xcassets */; };
		B5B6F1832997D283005727BB /* Preview Assets.xcassets in Resources */ = {isa = PBXBuildFile; fileRef = B5B6F1822997D283005727BB /* Preview Assets.xcassets */; };
		B5B6F18B2997D293005727BB /* TokenResponse.swift in Sources */ = {isa = PBXBuildFile; fileRef = B5B6F18A2997D293005727BB /* TokenResponse.swift */; };
		B5B6F18F2997D29E005727BB /* UIImage+Extension.swift in Sources */ = {isa = PBXBuildFile; fileRef = B5B6F18D2997D29E005727BB /* UIImage+Extension.swift */; };
		B5B6F1902997D29E005727BB /* String+Extension.swift in Sources */ = {isa = PBXBuildFile; fileRef = B5B6F18E2997D29E005727BB /* String+Extension.swift */; };
		B5B6F1982997D2A3005727BB /* Logger.swift in Sources */ = {isa = PBXBuildFile; fileRef = B5B6F1942997D2A3005727BB /* Logger.swift */; };
		B5B6F1992997D2A3005727BB /* GitHubClient.swift in Sources */ = {isa = PBXBuildFile; fileRef = B5B6F1952997D2A3005727BB /* GitHubClient.swift */; };
		B5B6F19D2997D2A9005727BB /* AppReducer.swift in Sources */ = {isa = PBXBuildFile; fileRef = B5B6F19B2997D2A9005727BB /* AppReducer.swift */; };
		B5B6F19E2997D2A9005727BB /* AuthReducer.swift in Sources */ = {isa = PBXBuildFile; fileRef = B5B6F19C2997D2A9005727BB /* AuthReducer.swift */; };
		B5B6F1A32997D2AF005727BB /* SearchView.swift in Sources */ = {isa = PBXBuildFile; fileRef = B5B6F1A02997D2AF005727BB /* SearchView.swift */; };
		B5B6F1A42997D2AF005727BB /* AuthView.swift in Sources */ = {isa = PBXBuildFile; fileRef = B5B6F1A12997D2AF005727BB /* AuthView.swift */; };
		B5B6F1A52997D2AF005727BB /* WebView.swift in Sources */ = {isa = PBXBuildFile; fileRef = B5B6F1A22997D2AF005727BB /* WebView.swift */; };
		B5B6F1A82997D32D005727BB /* CombineMoya in Frameworks */ = {isa = PBXBuildFile; productRef = B5B6F1A72997D32D005727BB /* CombineMoya */; };
		B5B6F1AB2997D353005727BB /* ComposableArchitecture in Frameworks */ = {isa = PBXBuildFile; productRef = B5B6F1AA2997D353005727BB /* ComposableArchitecture */; };
		B5B6F1B22997F222005727BB /* GitHubClientTestValues.swift in Sources */ = {isa = PBXBuildFile; fileRef = B5B6F1B12997F222005727BB /* GitHubClientTestValues.swift */; };
		B5B6F1B42997F258005727BB /* MoyaService.swift in Sources */ = {isa = PBXBuildFile; fileRef = B5B6F1B32997F258005727BB /* MoyaService.swift */; };
		B5BE5D46299D28DE00FF7CC9 /* KeychainStored in Frameworks */ = {isa = PBXBuildFile; productRef = B5BE5D45299D28DE00FF7CC9 /* KeychainStored */; };
		B5BE5D48299D2B6A00FF7CC9 /* KeychaingStored+Extension.swift in Sources */ = {isa = PBXBuildFile; fileRef = B5BE5D47299D2B6A00FF7CC9 /* KeychaingStored+Extension.swift */; };
		B5BE5D4A299E83EC00FF7CC9 /* SearchReducer.swift in Sources */ = {isa = PBXBuildFile; fileRef = B5BE5D49299E83EC00FF7CC9 /* SearchReducer.swift */; };
		B5BE5D4C299EA6B600FF7CC9 /* RepositoriesResponse.swift in Sources */ = {isa = PBXBuildFile; fileRef = B5BE5D4B299EA6B600FF7CC9 /* RepositoriesResponse.swift */; };
		B5FDD70429AA8E380085763E /* UserView.swift in Sources */ = {isa = PBXBuildFile; fileRef = B5FDD70329AA8E380085763E /* UserView.swift */; };
		B5FDD70629AA8E4F0085763E /* UserReducer.swift in Sources */ = {isa = PBXBuildFile; fileRef = B5FDD70529AA8E4F0085763E /* UserReducer.swift */; };
/* End PBXBuildFile section */

/* Begin PBXContainerItemProxy section */
		B581531E2A1F716200E34368 /* PBXContainerItemProxy */ = {
			isa = PBXContainerItemProxy;
			containerPortal = B5B6F1702997D282005727BB /* Project object */;
			proxyType = 1;
			remoteGlobalIDString = B5B6F1772997D282005727BB;
			remoteInfo = "GitHub-App-Composable";
		};
/* End PBXContainerItemProxy section */

/* Begin PBXCopyFilesBuildPhase section */
		B58E8EDA2A274A5B00D9C0EB /* Embed Frameworks */ = {
			isa = PBXCopyFilesBuildPhase;
			buildActionMask = 2147483647;
			dstPath = "";
			dstSubfolderSpec = 10;
			files = (
			);
			name = "Embed Frameworks";
			runOnlyForDeploymentPostprocessing = 0;
		};
/* End PBXCopyFilesBuildPhase section */

/* Begin PBXFileReference section */
		B50C647C29C095E400DF5AB3 /* UserResponse.swift */ = {isa = PBXFileReference; lastKnownFileType = sourcecode.swift; path = UserResponse.swift; sourceTree = "<group>"; };
		B515030229A3D5B900D87787 /* AsyncManager.swift */ = {isa = PBXFileReference; lastKnownFileType = sourcecode.swift; path = AsyncManager.swift; sourceTree = "<group>"; };
		B515030429A3D91200D87787 /* ActivityIndicator.swift */ = {isa = PBXFileReference; lastKnownFileType = sourcecode.swift; path = ActivityIndicator.swift; sourceTree = "<group>"; };
		B531716E2998F40500BE5482 /* AppView.swift */ = {isa = PBXFileReference; lastKnownFileType = sourcecode.swift; path = AppView.swift; sourceTree = "<group>"; };
		B532DB252A33384A006B604C /* SaveClient.swift */ = {isa = PBXFileReference; lastKnownFileType = sourcecode.swift; path = SaveClient.swift; sourceTree = "<group>"; };
		B532DB272A3343BB006B604C /* OauthViewConroller.swift */ = {isa = PBXFileReference; lastKnownFileType = sourcecode.swift; path = OauthViewConroller.swift; sourceTree = "<group>"; };
		B562C2F329A7992000559233 /* ExpirationTokenModel.swift */ = {isa = PBXFileReference; lastKnownFileType = sourcecode.swift; path = ExpirationTokenModel.swift; sourceTree = "<group>"; };
		B562C2F529A7A73300559233 /* TaskResult+Extension.swift */ = {isa = PBXFileReference; lastKnownFileType = sourcecode.swift; path = "TaskResult+Extension.swift"; sourceTree = "<group>"; };
		B56CA1DD2A14F6B300131219 /* ViewModifiers.swift */ = {isa = PBXFileReference; lastKnownFileType = sourcecode.swift; path = ViewModifiers.swift; sourceTree = "<group>"; };
		B58153142A1D58CC00E34368 /* Moya+Extension.swift */ = {isa = PBXFileReference; lastKnownFileType = sourcecode.swift; path = "Moya+Extension.swift"; sourceTree = "<group>"; };
		B581531A2A1F716200E34368 /* Tests.xctest */ = {isa = PBXFileReference; explicitFileType = wrapper.cfbundle; includeInIndex = 0; path = Tests.xctest; sourceTree = BUILT_PRODUCTS_DIR; };
		B581531C2A1F716200E34368 /* SearchFeatureTests.swift */ = {isa = PBXFileReference; lastKnownFileType = sourcecode.swift; path = SearchFeatureTests.swift; sourceTree = "<group>"; };
		B581532B2A1F9DD200E34368 /* RepoView.swift */ = {isa = PBXFileReference; lastKnownFileType = sourcecode.swift; path = RepoView.swift; sourceTree = "<group>"; };
		B58696882A2DCCE500D713AF /* AppDelegate.swift */ = {isa = PBXFileReference; lastKnownFileType = sourcecode.swift; path = AppDelegate.swift; sourceTree = "<group>"; };
		B586968A2A2DCDB000D713AF /* Info.plist */ = {isa = PBXFileReference; lastKnownFileType = text.plist; path = Info.plist; sourceTree = "<group>"; };
		B5891BBB2A288FD700017BD5 /* Cache.swift */ = {isa = PBXFileReference; lastKnownFileType = sourcecode.swift; path = Cache.swift; sourceTree = "<group>"; };
		B58CCBC9299F91A500B4BAED /* Binding+Extension.swift */ = {isa = PBXFileReference; lastKnownFileType = sourcecode.swift; path = "Binding+Extension.swift"; sourceTree = "<group>"; };
		B5A6E8482A21060400B08F79 /* UserStateModels.swift */ = {isa = PBXFileReference; lastKnownFileType = sourcecode.swift; path = UserStateModels.swift; sourceTree = "<group>"; };
		B5B6F1782997D282005727BB /* GitHub-App-Composable.app */ = {isa = PBXFileReference; explicitFileType = wrapper.application; includeInIndex = 0; path = "GitHub-App-Composable.app"; sourceTree = BUILT_PRODUCTS_DIR; };
		B5B6F17B2997D282005727BB /* GitHub_App_ComposableApp.swift */ = {isa = PBXFileReference; lastKnownFileType = sourcecode.swift; path = GitHub_App_ComposableApp.swift; sourceTree = "<group>"; xcLanguageSpecificationIdentifier = xcode.lang.swift; };
		B5B6F17F2997D283005727BB /* Assets.xcassets */ = {isa = PBXFileReference; lastKnownFileType = folder.assetcatalog; path = Assets.xcassets; sourceTree = "<group>"; };
		B5B6F1822997D283005727BB /* Preview Assets.xcassets */ = {isa = PBXFileReference; lastKnownFileType = folder.assetcatalog; path = "Preview Assets.xcassets"; sourceTree = "<group>"; };
		B5B6F18A2997D293005727BB /* TokenResponse.swift */ = {isa = PBXFileReference; fileEncoding = 4; lastKnownFileType = sourcecode.swift; path = TokenResponse.swift; sourceTree = "<group>"; };
		B5B6F18D2997D29E005727BB /* UIImage+Extension.swift */ = {isa = PBXFileReference; fileEncoding = 4; lastKnownFileType = sourcecode.swift; path = "UIImage+Extension.swift"; sourceTree = "<group>"; };
		B5B6F18E2997D29E005727BB /* String+Extension.swift */ = {isa = PBXFileReference; fileEncoding = 4; lastKnownFileType = sourcecode.swift; path = "String+Extension.swift"; sourceTree = "<group>"; };
		B5B6F1942997D2A3005727BB /* Logger.swift */ = {isa = PBXFileReference; fileEncoding = 4; lastKnownFileType = sourcecode.swift; path = Logger.swift; sourceTree = "<group>"; };
		B5B6F1952997D2A3005727BB /* GitHubClient.swift */ = {isa = PBXFileReference; fileEncoding = 4; lastKnownFileType = sourcecode.swift; path = GitHubClient.swift; sourceTree = "<group>"; };
		B5B6F19B2997D2A9005727BB /* AppReducer.swift */ = {isa = PBXFileReference; fileEncoding = 4; lastKnownFileType = sourcecode.swift; path = AppReducer.swift; sourceTree = "<group>"; };
		B5B6F19C2997D2A9005727BB /* AuthReducer.swift */ = {isa = PBXFileReference; fileEncoding = 4; lastKnownFileType = sourcecode.swift; path = AuthReducer.swift; sourceTree = "<group>"; };
		B5B6F1A02997D2AF005727BB /* SearchView.swift */ = {isa = PBXFileReference; fileEncoding = 4; lastKnownFileType = sourcecode.swift; path = SearchView.swift; sourceTree = "<group>"; };
		B5B6F1A12997D2AF005727BB /* AuthView.swift */ = {isa = PBXFileReference; fileEncoding = 4; lastKnownFileType = sourcecode.swift; path = AuthView.swift; sourceTree = "<group>"; };
		B5B6F1A22997D2AF005727BB /* WebView.swift */ = {isa = PBXFileReference; fileEncoding = 4; lastKnownFileType = sourcecode.swift; path = WebView.swift; sourceTree = "<group>"; };
		B5B6F1B12997F222005727BB /* GitHubClientTestValues.swift */ = {isa = PBXFileReference; lastKnownFileType = sourcecode.swift; path = GitHubClientTestValues.swift; sourceTree = "<group>"; };
		B5B6F1B32997F258005727BB /* MoyaService.swift */ = {isa = PBXFileReference; lastKnownFileType = sourcecode.swift; path = MoyaService.swift; sourceTree = "<group>"; };
		B5BE5D47299D2B6A00FF7CC9 /* KeychaingStored+Extension.swift */ = {isa = PBXFileReference; lastKnownFileType = sourcecode.swift; path = "KeychaingStored+Extension.swift"; sourceTree = "<group>"; };
		B5BE5D49299E83EC00FF7CC9 /* SearchReducer.swift */ = {isa = PBXFileReference; lastKnownFileType = sourcecode.swift; path = SearchReducer.swift; sourceTree = "<group>"; };
		B5BE5D4B299EA6B600FF7CC9 /* RepositoriesResponse.swift */ = {isa = PBXFileReference; lastKnownFileType = sourcecode.swift; path = RepositoriesResponse.swift; sourceTree = "<group>"; };
		B5FDD70329AA8E380085763E /* UserView.swift */ = {isa = PBXFileReference; lastKnownFileType = sourcecode.swift; path = UserView.swift; sourceTree = "<group>"; };
		B5FDD70529AA8E4F0085763E /* UserReducer.swift */ = {isa = PBXFileReference; lastKnownFileType = sourcecode.swift; path = UserReducer.swift; sourceTree = "<group>"; };
/* End PBXFileReference section */

/* Begin PBXFrameworksBuildPhase section */
		B58153172A1F716200E34368 /* Frameworks */ = {
			isa = PBXFrameworksBuildPhase;
			buildActionMask = 2147483647;
			files = (
			);
			runOnlyForDeploymentPostprocessing = 0;
		};
		B5B6F1752997D282005727BB /* Frameworks */ = {
			isa = PBXFrameworksBuildPhase;
			buildActionMask = 2147483647;
			files = (
				B5891BC22A289B9C00017BD5 /* OrderedCollections in Frameworks */,
				B5BE5D46299D28DE00FF7CC9 /* KeychainStored in Frameworks */,
				B532DB2B2A334B6A006B604C /* Logging in Frameworks */,
				B58696872A2DCCAD00D713AF /* OAuthSwift in Frameworks */,
				B5B6F1AB2997D353005727BB /* ComposableArchitecture in Frameworks */,
				B5891BBF2A2893BD00017BD5 /* Tagged in Frameworks */,
				B5B6F1A82997D32D005727BB /* CombineMoya in Frameworks */,
			);
			runOnlyForDeploymentPostprocessing = 0;
		};
/* End PBXFrameworksBuildPhase section */

/* Begin PBXGroup section */
		B532DB242A33383B006B604C /* SaveClient */ = {
			isa = PBXGroup;
			children = (
				B532DB252A33384A006B604C /* SaveClient.swift */,
			);
			path = SaveClient;
			sourceTree = "<group>";
		};
		B581531B2A1F716200E34368 /* Tests */ = {
			isa = PBXGroup;
			children = (
				B581531C2A1F716200E34368 /* SearchFeatureTests.swift */,
			);
			path = Tests;
			sourceTree = "<group>";
		};
		B58153232A1F719C00E34368 /* SearchFeature */ = {
			isa = PBXGroup;
			children = (
				B5B6F1A02997D2AF005727BB /* SearchView.swift */,
				B5BE5D49299E83EC00FF7CC9 /* SearchReducer.swift */,
				B581532B2A1F9DD200E34368 /* RepoView.swift */,
			);
			path = SearchFeature;
			sourceTree = "<group>";
		};
		B58153242A1F72B000E34368 /* AuthFeature */ = {
			isa = PBXGroup;
			children = (
				B5B6F19C2997D2A9005727BB /* AuthReducer.swift */,
				B5B6F1A12997D2AF005727BB /* AuthView.swift */,
			);
			path = AuthFeature;
			sourceTree = "<group>";
		};
		B58153252A1F730D00E34368 /* UserFeature */ = {
			isa = PBXGroup;
			children = (
				B5FDD70329AA8E380085763E /* UserView.swift */,
				B5FDD70529AA8E4F0085763E /* UserReducer.swift */,
				B5A6E8482A21060400B08F79 /* UserStateModels.swift */,
			);
			path = UserFeature;
			sourceTree = "<group>";
		};
		B58153262A1F735A00E34368 /* AppFeature */ = {
			isa = PBXGroup;
			children = (
				B5B6F17B2997D282005727BB /* GitHub_App_ComposableApp.swift */,
				B531716E2998F40500BE5482 /* AppView.swift */,
				B5B6F19B2997D2A9005727BB /* AppReducer.swift */,
				B58696882A2DCCE500D713AF /* AppDelegate.swift */,
			);
			path = AppFeature;
			sourceTree = "<group>";
		};
		B5891BBA2A288FA100017BD5 /* SavingClient */ = {
			isa = PBXGroup;
			children = (
				B5891BBB2A288FD700017BD5 /* Cache.swift */,
			);
			path = SavingClient;
			sourceTree = "<group>";
		};
		B5B6F16F2997D282005727BB = {
			isa = PBXGroup;
			children = (
				B5B6F17A2997D282005727BB /* GitHub-App-Composable */,
				B581531B2A1F716200E34368 /* Tests */,
				B5B6F1792997D282005727BB /* Products */,
			);
			sourceTree = "<group>";
		};
		B5B6F1792997D282005727BB /* Products */ = {
			isa = PBXGroup;
			children = (
				B5B6F1782997D282005727BB /* GitHub-App-Composable.app */,
				B581531A2A1F716200E34368 /* Tests.xctest */,
			);
			name = Products;
			sourceTree = "<group>";
		};
		B5B6F17A2997D282005727BB /* GitHub-App-Composable */ = {
			isa = PBXGroup;
			children = (
				B532DB242A33383B006B604C /* SaveClient */,
				B586968A2A2DCDB000D713AF /* Info.plist */,
				B5891BBA2A288FA100017BD5 /* SavingClient */,
				B58153262A1F735A00E34368 /* AppFeature */,
				B58153252A1F730D00E34368 /* UserFeature */,
				B58153242A1F72B000E34368 /* AuthFeature */,
				B58153232A1F719C00E34368 /* SearchFeature */,
				B5B6F1B02997F200005727BB /* NetworkClient */,
				B5B6F19F2997D2AF005727BB /* GenericViews */,
				B5B6F1912997D2A3005727BB /* Helpers */,
				B5B6F18C2997D29E005727BB /* Extensions */,
				B5B6F1892997D293005727BB /* Models */,
				B5B6F17F2997D283005727BB /* Assets.xcassets */,
				B5B6F1812997D283005727BB /* Preview Content */,
			);
			path = "GitHub-App-Composable";
			sourceTree = "<group>";
		};
		B5B6F1812997D283005727BB /* Preview Content */ = {
			isa = PBXGroup;
			children = (
				B5B6F1822997D283005727BB /* Preview Assets.xcassets */,
			);
			path = "Preview Content";
			sourceTree = "<group>";
		};
		B5B6F1892997D293005727BB /* Models */ = {
			isa = PBXGroup;
			children = (
				B5B6F18A2997D293005727BB /* TokenResponse.swift */,
				B5BE5D4B299EA6B600FF7CC9 /* RepositoriesResponse.swift */,
				B562C2F329A7992000559233 /* ExpirationTokenModel.swift */,
				B50C647C29C095E400DF5AB3 /* UserResponse.swift */,
			);
			path = Models;
			sourceTree = "<group>";
		};
		B5B6F18C2997D29E005727BB /* Extensions */ = {
			isa = PBXGroup;
			children = (
				B5B6F18D2997D29E005727BB /* UIImage+Extension.swift */,
				B5B6F18E2997D29E005727BB /* String+Extension.swift */,
				B58CCBC9299F91A500B4BAED /* Binding+Extension.swift */,
				B56CA1DD2A14F6B300131219 /* ViewModifiers.swift */,
			);
			path = Extensions;
			sourceTree = "<group>";
		};
		B5B6F1912997D2A3005727BB /* Helpers */ = {
			isa = PBXGroup;
			children = (
				B5B6F1942997D2A3005727BB /* Logger.swift */,
				B5BE5D47299D2B6A00FF7CC9 /* KeychaingStored+Extension.swift */,
				B515030229A3D5B900D87787 /* AsyncManager.swift */,
			);
			path = Helpers;
			sourceTree = "<group>";
		};
		B5B6F19F2997D2AF005727BB /* GenericViews */ = {
			isa = PBXGroup;
			children = (
				B5B6F1A22997D2AF005727BB /* WebView.swift */,
				B515030429A3D91200D87787 /* ActivityIndicator.swift */,
				B532DB272A3343BB006B604C /* OauthViewConroller.swift */,
			);
			path = GenericViews;
			sourceTree = "<group>";
		};
		B5B6F1B02997F200005727BB /* NetworkClient */ = {
			isa = PBXGroup;
			children = (
				B5B6F1952997D2A3005727BB /* GitHubClient.swift */,
				B5B6F1B12997F222005727BB /* GitHubClientTestValues.swift */,
				B5B6F1B32997F258005727BB /* MoyaService.swift */,
				B58153142A1D58CC00E34368 /* Moya+Extension.swift */,
				B562C2F529A7A73300559233 /* TaskResult+Extension.swift */,
			);
			path = NetworkClient;
			sourceTree = "<group>";
		};
/* End PBXGroup section */

/* Begin PBXNativeTarget section */
		B58153192A1F716200E34368 /* Tests */ = {
			isa = PBXNativeTarget;
			buildConfigurationList = B58153202A1F716200E34368 /* Build configuration list for PBXNativeTarget "Tests" */;
			buildPhases = (
				B58153162A1F716200E34368 /* Sources */,
				B58153172A1F716200E34368 /* Frameworks */,
				B58153182A1F716200E34368 /* Resources */,
			);
			buildRules = (
			);
			dependencies = (
				B581531F2A1F716200E34368 /* PBXTargetDependency */,
			);
			name = Tests;
			productName = Tests;
			productReference = B581531A2A1F716200E34368 /* Tests.xctest */;
			productType = "com.apple.product-type.bundle.unit-test";
		};
		B5B6F1772997D282005727BB /* GitHub-App-Composable */ = {
			isa = PBXNativeTarget;
			buildConfigurationList = B5B6F1862997D283005727BB /* Build configuration list for PBXNativeTarget "GitHub-App-Composable" */;
			buildPhases = (
				B5B6F1742997D282005727BB /* Sources */,
				B5B6F1752997D282005727BB /* Frameworks */,
				B5B6F1762997D282005727BB /* Resources */,
				B58E8EDA2A274A5B00D9C0EB /* Embed Frameworks */,
			);
			buildRules = (
			);
			dependencies = (
			);
			name = "GitHub-App-Composable";
			packageProductDependencies = (
				B5B6F1A72997D32D005727BB /* CombineMoya */,
				B5B6F1AA2997D353005727BB /* ComposableArchitecture */,
				B5BE5D45299D28DE00FF7CC9 /* KeychainStored */,
				B5891BBE2A2893BD00017BD5 /* Tagged */,
				B5891BC12A289B9C00017BD5 /* OrderedCollections */,
				B58696862A2DCCAD00D713AF /* OAuthSwift */,
				B532DB2A2A334B6A006B604C /* Logging */,
			);
			productName = "GitHub-App-Composable";
			productReference = B5B6F1782997D282005727BB /* GitHub-App-Composable.app */;
			productType = "com.apple.product-type.application";
		};
/* End PBXNativeTarget section */

/* Begin PBXProject section */
		B5B6F1702997D282005727BB /* Project object */ = {
			isa = PBXProject;
			attributes = {
				BuildIndependentTargetsInParallel = 1;
				KnownAssetTags = (
					BlobTag,
				);
				LastSwiftUpdateCheck = 1430;
				LastUpgradeCheck = 1420;
				TargetAttributes = {
					B58153192A1F716200E34368 = {
						CreatedOnToolsVersion = 14.3;
						TestTargetID = B5B6F1772997D282005727BB;
					};
					B5B6F1772997D282005727BB = {
						CreatedOnToolsVersion = 14.2;
					};
				};
			};
			buildConfigurationList = B5B6F1732997D282005727BB /* Build configuration list for PBXProject "GitHub-App-Composable" */;
			compatibilityVersion = "Xcode 14.0";
			developmentRegion = en;
			hasScannedForEncodings = 0;
			knownRegions = (
				en,
				Base,
			);
			mainGroup = B5B6F16F2997D282005727BB;
			packageReferences = (
				B5B6F1A62997D32D005727BB /* XCRemoteSwiftPackageReference "Moya" */,
				B5B6F1A92997D353005727BB /* XCRemoteSwiftPackageReference "swift-composable-architecture" */,
				B5BE5D44299D28DE00FF7CC9 /* XCRemoteSwiftPackageReference "KeychainStored" */,
				B5891BBD2A2893BD00017BD5 /* XCRemoteSwiftPackageReference "swift-tagged" */,
				B5891BC02A289B9C00017BD5 /* XCRemoteSwiftPackageReference "swift-collections" */,
				B58696852A2DCCAD00D713AF /* XCRemoteSwiftPackageReference "OAuthSwift" */,
				B532DB292A334B6A006B604C /* XCRemoteSwiftPackageReference "swift-log" */,
			);
			productRefGroup = B5B6F1792997D282005727BB /* Products */;
			projectDirPath = "";
			projectRoot = "";
			targets = (
				B5B6F1772997D282005727BB /* GitHub-App-Composable */,
				B58153192A1F716200E34368 /* Tests */,
			);
		};
/* End PBXProject section */

/* Begin PBXResourcesBuildPhase section */
		B58153182A1F716200E34368 /* Resources */ = {
			isa = PBXResourcesBuildPhase;
			buildActionMask = 2147483647;
			files = (
			);
			runOnlyForDeploymentPostprocessing = 0;
		};
		B5B6F1762997D282005727BB /* Resources */ = {
			isa = PBXResourcesBuildPhase;
			buildActionMask = 2147483647;
			files = (
				B5B6F1832997D283005727BB /* Preview Assets.xcassets in Resources */,
				B5B6F1802997D283005727BB /* Assets.xcassets in Resources */,
			);
			runOnlyForDeploymentPostprocessing = 0;
		};
/* End PBXResourcesBuildPhase section */

/* Begin PBXSourcesBuildPhase section */
		B58153162A1F716200E34368 /* Sources */ = {
			isa = PBXSourcesBuildPhase;
			buildActionMask = 2147483647;
			files = (
				B581531D2A1F716200E34368 /* SearchFeatureTests.swift in Sources */,
			);
			runOnlyForDeploymentPostprocessing = 0;
		};
		B5B6F1742997D282005727BB /* Sources */ = {
			isa = PBXSourcesBuildPhase;
			buildActionMask = 2147483647;
			files = (
				B5B6F18B2997D293005727BB /* TokenResponse.swift in Sources */,
				B50C647D29C095E400DF5AB3 /* UserResponse.swift in Sources */,
				B562C2F429A7992000559233 /* ExpirationTokenModel.swift in Sources */,
				B532DB282A3343BB006B604C /* OauthViewConroller.swift in Sources */,
				B5A6E8492A21060400B08F79 /* UserStateModels.swift in Sources */,
				B5891BBC2A288FD800017BD5 /* Cache.swift in Sources */,
				B5B6F17C2997D282005727BB /* GitHub_App_ComposableApp.swift in Sources */,
				B5B6F1A32997D2AF005727BB /* SearchView.swift in Sources */,
				B5BE5D4C299EA6B600FF7CC9 /* RepositoriesResponse.swift in Sources */,
				B5BE5D4A299E83EC00FF7CC9 /* SearchReducer.swift in Sources */,
				B5B6F1992997D2A3005727BB /* GitHubClient.swift in Sources */,
				B5B6F1A42997D2AF005727BB /* AuthView.swift in Sources */,
				B5B6F19D2997D2A9005727BB /* AppReducer.swift in Sources */,
				B5B6F19E2997D2A9005727BB /* AuthReducer.swift in Sources */,
				B5B6F1902997D29E005727BB /* String+Extension.swift in Sources */,
				B5B6F18F2997D29E005727BB /* UIImage+Extension.swift in Sources */,
				B5B6F1982997D2A3005727BB /* Logger.swift in Sources */,
				B581532C2A1F9DD200E34368 /* RepoView.swift in Sources */,
				B56CA1DE2A14F6B300131219 /* ViewModifiers.swift in Sources */,
				B515030329A3D5B900D87787 /* AsyncManager.swift in Sources */,
				B5BE5D48299D2B6A00FF7CC9 /* KeychaingStored+Extension.swift in Sources */,
				B58CCBCA299F91A500B4BAED /* Binding+Extension.swift in Sources */,
				B5B6F1A52997D2AF005727BB /* WebView.swift in Sources */,
				B58696892A2DCCE500D713AF /* AppDelegate.swift in Sources */,
				B562C2F629A7A73300559233 /* TaskResult+Extension.swift in Sources */,
				B58153152A1D58CC00E34368 /* Moya+Extension.swift in Sources */,
				B532DB262A33384A006B604C /* SaveClient.swift in Sources */,
				B5FDD70629AA8E4F0085763E /* UserReducer.swift in Sources */,
				B5FDD70429AA8E380085763E /* UserView.swift in Sources */,
				B515030529A3D91200D87787 /* ActivityIndicator.swift in Sources */,
				B531716F2998F40500BE5482 /* AppView.swift in Sources */,
				B5B6F1B22997F222005727BB /* GitHubClientTestValues.swift in Sources */,
				B5B6F1B42997F258005727BB /* MoyaService.swift in Sources */,
			);
			runOnlyForDeploymentPostprocessing = 0;
		};
/* End PBXSourcesBuildPhase section */

/* Begin PBXTargetDependency section */
		B581531F2A1F716200E34368 /* PBXTargetDependency */ = {
			isa = PBXTargetDependency;
			target = B5B6F1772997D282005727BB /* GitHub-App-Composable */;
			targetProxy = B581531E2A1F716200E34368 /* PBXContainerItemProxy */;
		};
/* End PBXTargetDependency section */

/* Begin XCBuildConfiguration section */
		B58153212A1F716200E34368 /* Debug */ = {
			isa = XCBuildConfiguration;
			buildSettings = {
				BUNDLE_LOADER = "$(TEST_HOST)";
				CODE_SIGN_STYLE = Automatic;
				CURRENT_PROJECT_VERSION = 1;
				DEVELOPMENT_TEAM = 585BX3KVC6;
				GENERATE_INFOPLIST_FILE = YES;
				IPHONEOS_DEPLOYMENT_TARGET = 16.4;
				MARKETING_VERSION = 1.0;
				PRODUCT_BUNDLE_IDENTIFIER = artem.very.well.Tests;
				PRODUCT_NAME = "$(TARGET_NAME)";
				SWIFT_EMIT_LOC_STRINGS = NO;
				SWIFT_VERSION = 5.0;
				TARGETED_DEVICE_FAMILY = "1,2";
				TEST_HOST = "$(BUILT_PRODUCTS_DIR)/GitHub-App-Composable.app/$(BUNDLE_EXECUTABLE_FOLDER_PATH)/GitHub-App-Composable";
			};
			name = Debug;
		};
		B58153222A1F716200E34368 /* Release */ = {
			isa = XCBuildConfiguration;
			buildSettings = {
				BUNDLE_LOADER = "$(TEST_HOST)";
				CODE_SIGN_STYLE = Automatic;
				CURRENT_PROJECT_VERSION = 1;
				DEVELOPMENT_TEAM = 585BX3KVC6;
				GENERATE_INFOPLIST_FILE = YES;
				IPHONEOS_DEPLOYMENT_TARGET = 16.4;
				MARKETING_VERSION = 1.0;
				PRODUCT_BUNDLE_IDENTIFIER = artem.very.well.Tests;
				PRODUCT_NAME = "$(TARGET_NAME)";
				SWIFT_EMIT_LOC_STRINGS = NO;
				SWIFT_VERSION = 5.0;
				TARGETED_DEVICE_FAMILY = "1,2";
				TEST_HOST = "$(BUILT_PRODUCTS_DIR)/GitHub-App-Composable.app/$(BUNDLE_EXECUTABLE_FOLDER_PATH)/GitHub-App-Composable";
			};
			name = Release;
		};
		B5B6F1842997D283005727BB /* Debug */ = {
			isa = XCBuildConfiguration;
			buildSettings = {
				ALWAYS_SEARCH_USER_PATHS = NO;
				CLANG_ANALYZER_NONNULL = YES;
				CLANG_ANALYZER_NUMBER_OBJECT_CONVERSION = YES_AGGRESSIVE;
				CLANG_CXX_LANGUAGE_STANDARD = "gnu++20";
				CLANG_ENABLE_MODULES = YES;
				CLANG_ENABLE_OBJC_ARC = YES;
				CLANG_ENABLE_OBJC_WEAK = YES;
				CLANG_WARN_BLOCK_CAPTURE_AUTORELEASING = YES;
				CLANG_WARN_BOOL_CONVERSION = YES;
				CLANG_WARN_COMMA = YES;
				CLANG_WARN_CONSTANT_CONVERSION = YES;
				CLANG_WARN_DEPRECATED_OBJC_IMPLEMENTATIONS = YES;
				CLANG_WARN_DIRECT_OBJC_ISA_USAGE = YES_ERROR;
				CLANG_WARN_DOCUMENTATION_COMMENTS = YES;
				CLANG_WARN_EMPTY_BODY = YES;
				CLANG_WARN_ENUM_CONVERSION = YES;
				CLANG_WARN_INFINITE_RECURSION = YES;
				CLANG_WARN_INT_CONVERSION = YES;
				CLANG_WARN_NON_LITERAL_NULL_CONVERSION = YES;
				CLANG_WARN_OBJC_IMPLICIT_RETAIN_SELF = YES;
				CLANG_WARN_OBJC_LITERAL_CONVERSION = YES;
				CLANG_WARN_OBJC_ROOT_CLASS = YES_ERROR;
				CLANG_WARN_QUOTED_INCLUDE_IN_FRAMEWORK_HEADER = YES;
				CLANG_WARN_RANGE_LOOP_ANALYSIS = YES;
				CLANG_WARN_STRICT_PROTOTYPES = YES;
				CLANG_WARN_SUSPICIOUS_MOVE = YES;
				CLANG_WARN_UNGUARDED_AVAILABILITY = YES_AGGRESSIVE;
				CLANG_WARN_UNREACHABLE_CODE = YES;
				CLANG_WARN__DUPLICATE_METHOD_MATCH = YES;
				COPY_PHASE_STRIP = NO;
				DEBUG_INFORMATION_FORMAT = dwarf;
				ENABLE_STRICT_OBJC_MSGSEND = YES;
				ENABLE_TESTABILITY = YES;
				GCC_C_LANGUAGE_STANDARD = gnu11;
				GCC_DYNAMIC_NO_PIC = NO;
				GCC_NO_COMMON_BLOCKS = YES;
				GCC_OPTIMIZATION_LEVEL = 0;
				GCC_PREPROCESSOR_DEFINITIONS = (
					"DEBUG=1",
					"$(inherited)",
				);
				GCC_WARN_64_TO_32_BIT_CONVERSION = YES;
				GCC_WARN_ABOUT_RETURN_TYPE = YES_ERROR;
				GCC_WARN_UNDECLARED_SELECTOR = YES;
				GCC_WARN_UNINITIALIZED_AUTOS = YES_AGGRESSIVE;
				GCC_WARN_UNUSED_FUNCTION = YES;
				GCC_WARN_UNUSED_VARIABLE = YES;
				IPHONEOS_DEPLOYMENT_TARGET = 16.2;
				MTL_ENABLE_DEBUG_INFO = INCLUDE_SOURCE;
				MTL_FAST_MATH = YES;
				ONLY_ACTIVE_ARCH = YES;
				SDKROOT = iphoneos;
				SWIFT_ACTIVE_COMPILATION_CONDITIONS = DEBUG;
				SWIFT_COMPILATION_MODE = singlefile;
				SWIFT_OPTIMIZATION_LEVEL = "-Onone";
			};
			name = Debug;
		};
		B5B6F1852997D283005727BB /* Release */ = {
			isa = XCBuildConfiguration;
			buildSettings = {
				ALWAYS_SEARCH_USER_PATHS = NO;
				CLANG_ANALYZER_NONNULL = YES;
				CLANG_ANALYZER_NUMBER_OBJECT_CONVERSION = YES_AGGRESSIVE;
				CLANG_CXX_LANGUAGE_STANDARD = "gnu++20";
				CLANG_ENABLE_MODULES = YES;
				CLANG_ENABLE_OBJC_ARC = YES;
				CLANG_ENABLE_OBJC_WEAK = YES;
				CLANG_WARN_BLOCK_CAPTURE_AUTORELEASING = YES;
				CLANG_WARN_BOOL_CONVERSION = YES;
				CLANG_WARN_COMMA = YES;
				CLANG_WARN_CONSTANT_CONVERSION = YES;
				CLANG_WARN_DEPRECATED_OBJC_IMPLEMENTATIONS = YES;
				CLANG_WARN_DIRECT_OBJC_ISA_USAGE = YES_ERROR;
				CLANG_WARN_DOCUMENTATION_COMMENTS = YES;
				CLANG_WARN_EMPTY_BODY = YES;
				CLANG_WARN_ENUM_CONVERSION = YES;
				CLANG_WARN_INFINITE_RECURSION = YES;
				CLANG_WARN_INT_CONVERSION = YES;
				CLANG_WARN_NON_LITERAL_NULL_CONVERSION = YES;
				CLANG_WARN_OBJC_IMPLICIT_RETAIN_SELF = YES;
				CLANG_WARN_OBJC_LITERAL_CONVERSION = YES;
				CLANG_WARN_OBJC_ROOT_CLASS = YES_ERROR;
				CLANG_WARN_QUOTED_INCLUDE_IN_FRAMEWORK_HEADER = YES;
				CLANG_WARN_RANGE_LOOP_ANALYSIS = YES;
				CLANG_WARN_STRICT_PROTOTYPES = YES;
				CLANG_WARN_SUSPICIOUS_MOVE = YES;
				CLANG_WARN_UNGUARDED_AVAILABILITY = YES_AGGRESSIVE;
				CLANG_WARN_UNREACHABLE_CODE = YES;
				CLANG_WARN__DUPLICATE_METHOD_MATCH = YES;
				COPY_PHASE_STRIP = NO;
				DEBUG_INFORMATION_FORMAT = "dwarf-with-dsym";
				ENABLE_NS_ASSERTIONS = NO;
				ENABLE_STRICT_OBJC_MSGSEND = YES;
				GCC_C_LANGUAGE_STANDARD = gnu11;
				GCC_NO_COMMON_BLOCKS = YES;
				GCC_WARN_64_TO_32_BIT_CONVERSION = YES;
				GCC_WARN_ABOUT_RETURN_TYPE = YES_ERROR;
				GCC_WARN_UNDECLARED_SELECTOR = YES;
				GCC_WARN_UNINITIALIZED_AUTOS = YES_AGGRESSIVE;
				GCC_WARN_UNUSED_FUNCTION = YES;
				GCC_WARN_UNUSED_VARIABLE = YES;
				IPHONEOS_DEPLOYMENT_TARGET = 16.2;
				MTL_ENABLE_DEBUG_INFO = NO;
				MTL_FAST_MATH = YES;
				SDKROOT = iphoneos;
				SWIFT_COMPILATION_MODE = wholemodule;
				SWIFT_OPTIMIZATION_LEVEL = "-O";
				VALIDATE_PRODUCT = YES;
			};
			name = Release;
		};
		B5B6F1872997D283005727BB /* Debug */ = {
			isa = XCBuildConfiguration;
			buildSettings = {
				ASSETCATALOG_COMPILER_APPICON_NAME = AppIcon;
				ASSETCATALOG_COMPILER_GLOBAL_ACCENT_COLOR_NAME = AccentColor;
				CODE_SIGN_STYLE = Automatic;
				CURRENT_PROJECT_VERSION = 1;
				DEVELOPMENT_ASSET_PATHS = "\"GitHub-App-Composable/Preview Content\"";
				DEVELOPMENT_TEAM = 585BX3KVC6;
				ENABLE_PREVIEWS = YES;
				GENERATE_INFOPLIST_FILE = YES;
				INFOPLIST_FILE = "GitHub-App-Composable/Info.plist";
				INFOPLIST_KEY_UIApplicationSceneManifest_Generation = YES;
				INFOPLIST_KEY_UIApplicationSupportsIndirectInputEvents = YES;
				INFOPLIST_KEY_UILaunchScreen_Generation = YES;
				INFOPLIST_KEY_UIStatusBarStyle = "";
				INFOPLIST_KEY_UISupportedInterfaceOrientations = "UIInterfaceOrientationPortrait UIInterfaceOrientationPortraitUpsideDown";
				INFOPLIST_KEY_UISupportedInterfaceOrientations_iPad = "UIInterfaceOrientationLandscapeLeft UIInterfaceOrientationLandscapeRight UIInterfaceOrientationPortrait UIInterfaceOrientationPortraitUpsideDown";
				LD_RUNPATH_SEARCH_PATHS = (
					"$(inherited)",
					"@executable_path/Frameworks",
				);
				MARKETING_VERSION = 1.0;
				PRODUCT_BUNDLE_IDENTIFIER = "artem.very.well.GitHub-App-Composable";
				PRODUCT_NAME = "$(TARGET_NAME)";
				SWIFT_EMIT_LOC_STRINGS = YES;
				SWIFT_VERSION = 5.0;
				TARGETED_DEVICE_FAMILY = "1,2";
			};
			name = Debug;
		};
		B5B6F1882997D283005727BB /* Release */ = {
			isa = XCBuildConfiguration;
			buildSettings = {
				ASSETCATALOG_COMPILER_APPICON_NAME = AppIcon;
				ASSETCATALOG_COMPILER_GLOBAL_ACCENT_COLOR_NAME = AccentColor;
				CODE_SIGN_STYLE = Automatic;
				CURRENT_PROJECT_VERSION = 1;
				DEVELOPMENT_ASSET_PATHS = "\"GitHub-App-Composable/Preview Content\"";
				DEVELOPMENT_TEAM = 585BX3KVC6;
				ENABLE_PREVIEWS = YES;
				GENERATE_INFOPLIST_FILE = YES;
				INFOPLIST_FILE = "GitHub-App-Composable/Info.plist";
				INFOPLIST_KEY_UIApplicationSceneManifest_Generation = YES;
				INFOPLIST_KEY_UIApplicationSupportsIndirectInputEvents = YES;
				INFOPLIST_KEY_UILaunchScreen_Generation = YES;
				INFOPLIST_KEY_UIStatusBarStyle = "";
				INFOPLIST_KEY_UISupportedInterfaceOrientations = "UIInterfaceOrientationPortrait UIInterfaceOrientationPortraitUpsideDown";
				INFOPLIST_KEY_UISupportedInterfaceOrientations_iPad = "UIInterfaceOrientationLandscapeLeft UIInterfaceOrientationLandscapeRight UIInterfaceOrientationPortrait UIInterfaceOrientationPortraitUpsideDown";
				LD_RUNPATH_SEARCH_PATHS = (
					"$(inherited)",
					"@executable_path/Frameworks",
				);
				MARKETING_VERSION = 1.0;
				PRODUCT_BUNDLE_IDENTIFIER = "artem.very.well.GitHub-App-Composable";
				PRODUCT_NAME = "$(TARGET_NAME)";
				SWIFT_EMIT_LOC_STRINGS = YES;
				SWIFT_VERSION = 5.0;
				TARGETED_DEVICE_FAMILY = "1,2";
			};
			name = Release;
		};
/* End XCBuildConfiguration section */

/* Begin XCConfigurationList section */
		B58153202A1F716200E34368 /* Build configuration list for PBXNativeTarget "Tests" */ = {
			isa = XCConfigurationList;
			buildConfigurations = (
				B58153212A1F716200E34368 /* Debug */,
				B58153222A1F716200E34368 /* Release */,
			);
			defaultConfigurationIsVisible = 0;
			defaultConfigurationName = Release;
		};
		B5B6F1732997D282005727BB /* Build configuration list for PBXProject "GitHub-App-Composable" */ = {
			isa = XCConfigurationList;
			buildConfigurations = (
				B5B6F1842997D283005727BB /* Debug */,
				B5B6F1852997D283005727BB /* Release */,
			);
			defaultConfigurationIsVisible = 0;
			defaultConfigurationName = Release;
		};
		B5B6F1862997D283005727BB /* Build configuration list for PBXNativeTarget "GitHub-App-Composable" */ = {
			isa = XCConfigurationList;
			buildConfigurations = (
				B5B6F1872997D283005727BB /* Debug */,
				B5B6F1882997D283005727BB /* Release */,
			);
			defaultConfigurationIsVisible = 0;
			defaultConfigurationName = Release;
		};
/* End XCConfigurationList section */

/* Begin XCRemoteSwiftPackageReference section */
		B532DB292A334B6A006B604C /* XCRemoteSwiftPackageReference "swift-log" */ = {
			isa = XCRemoteSwiftPackageReference;
			repositoryURL = "https://github.com/apple/swift-log";
			requirement = {
				kind = upToNextMajorVersion;
				minimumVersion = 1.0.0;
			};
		};
		B58696852A2DCCAD00D713AF /* XCRemoteSwiftPackageReference "OAuthSwift" */ = {
			isa = XCRemoteSwiftPackageReference;
			repositoryURL = "https://github.com/OAuthSwift/OAuthSwift";
			requirement = {
				kind = upToNextMajorVersion;
				minimumVersion = 2.0.0;
			};
		};
		B5891BBD2A2893BD00017BD5 /* XCRemoteSwiftPackageReference "swift-tagged" */ = {
			isa = XCRemoteSwiftPackageReference;
			repositoryURL = "https://github.com/pointfreeco/swift-tagged";
			requirement = {
				kind = upToNextMajorVersion;
				minimumVersion = 0.10.0;
			};
		};
		B5891BC02A289B9C00017BD5 /* XCRemoteSwiftPackageReference "swift-collections" */ = {
			isa = XCRemoteSwiftPackageReference;
			repositoryURL = "https://github.com/apple/swift-collections.git";
			requirement = {
				kind = upToNextMajorVersion;
				minimumVersion = 1.0.0;
			};
		};
		B5B6F1A62997D32D005727BB /* XCRemoteSwiftPackageReference "Moya" */ = {
			isa = XCRemoteSwiftPackageReference;
			repositoryURL = "https://github.com/Moya/Moya";
			requirement = {
				kind = exactVersion;
				version = 15.0.0;
			};
		};
		B5B6F1A92997D353005727BB /* XCRemoteSwiftPackageReference "swift-composable-architecture" */ = {
			isa = XCRemoteSwiftPackageReference;
			repositoryURL = "https://github.com/pointfreeco/swift-composable-architecture";
			requirement = {
				kind = exactVersion;
				version = 0.50.2;
			};
		};
		B5BE5D44299D28DE00FF7CC9 /* XCRemoteSwiftPackageReference "KeychainStored" */ = {
			isa = XCRemoteSwiftPackageReference;
			repositoryURL = "https://github.com/owowagency/KeychainStored";
			requirement = {
				kind = exactVersion;
				version = 1.0.0;
			};
		};
/* End XCRemoteSwiftPackageReference section */

/* Begin XCSwiftPackageProductDependency section */
		B532DB2A2A334B6A006B604C /* Logging */ = {
			isa = XCSwiftPackageProductDependency;
			package = B532DB292A334B6A006B604C /* XCRemoteSwiftPackageReference "swift-log" */;
			productName = Logging;
		};
		B58696862A2DCCAD00D713AF /* OAuthSwift */ = {
			isa = XCSwiftPackageProductDependency;
			package = B58696852A2DCCAD00D713AF /* XCRemoteSwiftPackageReference "OAuthSwift" */;
			productName = OAuthSwift;
		};
		B5891BBE2A2893BD00017BD5 /* Tagged */ = {
			isa = XCSwiftPackageProductDependency;
			package = B5891BBD2A2893BD00017BD5 /* XCRemoteSwiftPackageReference "swift-tagged" */;
			productName = Tagged;
		};
		B5891BC12A289B9C00017BD5 /* OrderedCollections */ = {
			isa = XCSwiftPackageProductDependency;
			package = B5891BC02A289B9C00017BD5 /* XCRemoteSwiftPackageReference "swift-collections" */;
			productName = OrderedCollections;
		};
		B5B6F1A72997D32D005727BB /* CombineMoya */ = {
			isa = XCSwiftPackageProductDependency;
			package = B5B6F1A62997D32D005727BB /* XCRemoteSwiftPackageReference "Moya" */;
			productName = CombineMoya;
		};
		B5B6F1AA2997D353005727BB /* ComposableArchitecture */ = {
			isa = XCSwiftPackageProductDependency;
			package = B5B6F1A92997D353005727BB /* XCRemoteSwiftPackageReference "swift-composable-architecture" */;
			productName = ComposableArchitecture;
		};
		B5BE5D45299D28DE00FF7CC9 /* KeychainStored */ = {
			isa = XCSwiftPackageProductDependency;
			package = B5BE5D44299D28DE00FF7CC9 /* XCRemoteSwiftPackageReference "KeychainStored" */;
			productName = KeychainStored;
		};
/* End XCSwiftPackageProductDependency section */
	};
	rootObject = B5B6F1702997D282005727BB /* Project object */;
}
