// !$*UTF8*$!
{
	archiveVersion = 1;
	classes = {
	};
	objectVersion = 56;
	objects = {

/* Begin PBXBuildFile section */
		B515030329A3D5B900D87787 /* AsyncManager.swift in Sources */ = {isa = PBXBuildFile; fileRef = B515030229A3D5B900D87787 /* AsyncManager.swift */; };
		B515030529A3D91200D87787 /* ActivityIndicator.swift in Sources */ = {isa = PBXBuildFile; fileRef = B515030429A3D91200D87787 /* ActivityIndicator.swift */; };
		B531716F2998F40500BE5482 /* AppView.swift in Sources */ = {isa = PBXBuildFile; fileRef = B531716E2998F40500BE5482 /* AppView.swift */; };
		B58CCBCA299F91A500B4BAED /* Binding+Extension.swift in Sources */ = {isa = PBXBuildFile; fileRef = B58CCBC9299F91A500B4BAED /* Binding+Extension.swift */; };
		B5B6F17C2997D282005727BB /* GitHub_App_ComposableApp.swift in Sources */ = {isa = PBXBuildFile; fileRef = B5B6F17B2997D282005727BB /* GitHub_App_ComposableApp.swift */; };
		B5B6F1802997D283005727BB /* Assets.xcassets in Resources */ = {isa = PBXBuildFile; fileRef = B5B6F17F2997D283005727BB /* Assets.xcassets */; };
		B5B6F1832997D283005727BB /* Preview Assets.xcassets in Resources */ = {isa = PBXBuildFile; fileRef = B5B6F1822997D283005727BB /* Preview Assets.xcassets */; };
		B5B6F18B2997D293005727BB /* TokenResponse.swift in Sources */ = {isa = PBXBuildFile; fileRef = B5B6F18A2997D293005727BB /* TokenResponse.swift */; };
		B5B6F18F2997D29E005727BB /* UIImage+Extension.swift in Sources */ = {isa = PBXBuildFile; fileRef = B5B6F18D2997D29E005727BB /* UIImage+Extension.swift */; };
		B5B6F1902997D29E005727BB /* String+Extension.swift in Sources */ = {isa = PBXBuildFile; fileRef = B5B6F18E2997D29E005727BB /* String+Extension.swift */; };
		B5B6F1982997D2A3005727BB /* Logger.swift in Sources */ = {isa = PBXBuildFile; fileRef = B5B6F1942997D2A3005727BB /* Logger.swift */; };
		B5B6F1992997D2A3005727BB /* GitHubClient.swift in Sources */ = {isa = PBXBuildFile; fileRef = B5B6F1952997D2A3005727BB /* GitHubClient.swift */; };
		B5B6F19D2997D2A9005727BB /* AppReducer.swift in Sources */ = {isa = PBXBuildFile; fileRef = B5B6F19B2997D2A9005727BB /* AppReducer.swift */; };
		B5B6F19E2997D2A9005727BB /* AuthReducer.swift in Sources */ = {isa = PBXBuildFile; fileRef = B5B6F19C2997D2A9005727BB /* AuthReducer.swift */; };
		B5B6F1A32997D2AF005727BB /* SearchView.swift in Sources */ = {isa = PBXBuildFile; fileRef = B5B6F1A02997D2AF005727BB /* SearchView.swift */; };
		B5B6F1A42997D2AF005727BB /* AuthView.swift in Sources */ = {isa = PBXBuildFile; fileRef = B5B6F1A12997D2AF005727BB /* AuthView.swift */; };
		B5B6F1A52997D2AF005727BB /* WebView.swift in Sources */ = {isa = PBXBuildFile; fileRef = B5B6F1A22997D2AF005727BB /* WebView.swift */; };
		B5B6F1A82997D32D005727BB /* CombineMoya in Frameworks */ = {isa = PBXBuildFile; productRef = B5B6F1A72997D32D005727BB /* CombineMoya */; };
		B5B6F1AB2997D353005727BB /* ComposableArchitecture in Frameworks */ = {isa = PBXBuildFile; productRef = B5B6F1AA2997D353005727BB /* ComposableArchitecture */; };
		B5B6F1B22997F222005727BB /* GitHubClient+Composable.swift in Sources */ = {isa = PBXBuildFile; fileRef = B5B6F1B12997F222005727BB /* GitHubClient+Composable.swift */; };
		B5B6F1B42997F258005727BB /* MoyaService.swift in Sources */ = {isa = PBXBuildFile; fileRef = B5B6F1B32997F258005727BB /* MoyaService.swift */; };
		B5BE5D46299D28DE00FF7CC9 /* KeychainStored in Frameworks */ = {isa = PBXBuildFile; productRef = B5BE5D45299D28DE00FF7CC9 /* KeychainStored */; };
		B5BE5D48299D2B6A00FF7CC9 /* ComposableAdaptive.swift in Sources */ = {isa = PBXBuildFile; fileRef = B5BE5D47299D2B6A00FF7CC9 /* ComposableAdaptive.swift */; };
		B5BE5D4A299E83EC00FF7CC9 /* SearchReducer.swift in Sources */ = {isa = PBXBuildFile; fileRef = B5BE5D49299E83EC00FF7CC9 /* SearchReducer.swift */; };
		B5BE5D4C299EA6B600FF7CC9 /* RepositoriesResponse.swift in Sources */ = {isa = PBXBuildFile; fileRef = B5BE5D4B299EA6B600FF7CC9 /* RepositoriesResponse.swift */; };
/* End PBXBuildFile section */

/* Begin PBXFileReference section */
		B515030229A3D5B900D87787 /* AsyncManager.swift */ = {isa = PBXFileReference; lastKnownFileType = sourcecode.swift; path = AsyncManager.swift; sourceTree = "<group>"; };
		B515030429A3D91200D87787 /* ActivityIndicator.swift */ = {isa = PBXFileReference; lastKnownFileType = sourcecode.swift; path = ActivityIndicator.swift; sourceTree = "<group>"; };
		B531716E2998F40500BE5482 /* AppView.swift */ = {isa = PBXFileReference; lastKnownFileType = sourcecode.swift; path = AppView.swift; sourceTree = "<group>"; };
		B58CCBC9299F91A500B4BAED /* Binding+Extension.swift */ = {isa = PBXFileReference; lastKnownFileType = sourcecode.swift; path = "Binding+Extension.swift"; sourceTree = "<group>"; };
		B5B6F1782997D282005727BB /* GitHub-App-Composable.app */ = {isa = PBXFileReference; explicitFileType = wrapper.application; includeInIndex = 0; path = "GitHub-App-Composable.app"; sourceTree = BUILT_PRODUCTS_DIR; };
		B5B6F17B2997D282005727BB /* GitHub_App_ComposableApp.swift */ = {isa = PBXFileReference; lastKnownFileType = sourcecode.swift; path = GitHub_App_ComposableApp.swift; sourceTree = "<group>"; };
		B5B6F17F2997D283005727BB /* Assets.xcassets */ = {isa = PBXFileReference; lastKnownFileType = folder.assetcatalog; path = Assets.xcassets; sourceTree = "<group>"; };
		B5B6F1822997D283005727BB /* Preview Assets.xcassets */ = {isa = PBXFileReference; lastKnownFileType = folder.assetcatalog; path = "Preview Assets.xcassets"; sourceTree = "<group>"; };
		B5B6F18A2997D293005727BB /* TokenResponse.swift */ = {isa = PBXFileReference; fileEncoding = 4; lastKnownFileType = sourcecode.swift; path = TokenResponse.swift; sourceTree = "<group>"; };
		B5B6F18D2997D29E005727BB /* UIImage+Extension.swift */ = {isa = PBXFileReference; fileEncoding = 4; lastKnownFileType = sourcecode.swift; path = "UIImage+Extension.swift"; sourceTree = "<group>"; };
		B5B6F18E2997D29E005727BB /* String+Extension.swift */ = {isa = PBXFileReference; fileEncoding = 4; lastKnownFileType = sourcecode.swift; path = "String+Extension.swift"; sourceTree = "<group>"; };
		B5B6F1942997D2A3005727BB /* Logger.swift */ = {isa = PBXFileReference; fileEncoding = 4; lastKnownFileType = sourcecode.swift; path = Logger.swift; sourceTree = "<group>"; };
		B5B6F1952997D2A3005727BB /* GitHubClient.swift */ = {isa = PBXFileReference; fileEncoding = 4; lastKnownFileType = sourcecode.swift; path = GitHubClient.swift; sourceTree = "<group>"; };
		B5B6F19B2997D2A9005727BB /* AppReducer.swift */ = {isa = PBXFileReference; fileEncoding = 4; lastKnownFileType = sourcecode.swift; path = AppReducer.swift; sourceTree = "<group>"; };
		B5B6F19C2997D2A9005727BB /* AuthReducer.swift */ = {isa = PBXFileReference; fileEncoding = 4; lastKnownFileType = sourcecode.swift; path = AuthReducer.swift; sourceTree = "<group>"; };
		B5B6F1A02997D2AF005727BB /* SearchView.swift */ = {isa = PBXFileReference; fileEncoding = 4; lastKnownFileType = sourcecode.swift; path = SearchView.swift; sourceTree = "<group>"; };
		B5B6F1A12997D2AF005727BB /* AuthView.swift */ = {isa = PBXFileReference; fileEncoding = 4; lastKnownFileType = sourcecode.swift; path = AuthView.swift; sourceTree = "<group>"; };
		B5B6F1A22997D2AF005727BB /* WebView.swift */ = {isa = PBXFileReference; fileEncoding = 4; lastKnownFileType = sourcecode.swift; path = WebView.swift; sourceTree = "<group>"; };
		B5B6F1B12997F222005727BB /* GitHubClient+Composable.swift */ = {isa = PBXFileReference; lastKnownFileType = sourcecode.swift; path = "GitHubClient+Composable.swift"; sourceTree = "<group>"; };
		B5B6F1B32997F258005727BB /* MoyaService.swift */ = {isa = PBXFileReference; lastKnownFileType = sourcecode.swift; path = MoyaService.swift; sourceTree = "<group>"; };
		B5BE5D47299D2B6A00FF7CC9 /* ComposableAdaptive.swift */ = {isa = PBXFileReference; lastKnownFileType = sourcecode.swift; path = ComposableAdaptive.swift; sourceTree = "<group>"; };
		B5BE5D49299E83EC00FF7CC9 /* SearchReducer.swift */ = {isa = PBXFileReference; lastKnownFileType = sourcecode.swift; path = SearchReducer.swift; sourceTree = "<group>"; };
		B5BE5D4B299EA6B600FF7CC9 /* RepositoriesResponse.swift */ = {isa = PBXFileReference; lastKnownFileType = sourcecode.swift; path = RepositoriesResponse.swift; sourceTree = "<group>"; };
/* End PBXFileReference section */

/* Begin PBXFrameworksBuildPhase section */
		B5B6F1752997D282005727BB /* Frameworks */ = {
			isa = PBXFrameworksBuildPhase;
			buildActionMask = 2147483647;
			files = (
				B5BE5D46299D28DE00FF7CC9 /* KeychainStored in Frameworks */,
				B5B6F1AB2997D353005727BB /* ComposableArchitecture in Frameworks */,
				B5B6F1A82997D32D005727BB /* CombineMoya in Frameworks */,
			);
			runOnlyForDeploymentPostprocessing = 0;
		};
/* End PBXFrameworksBuildPhase section */

/* Begin PBXGroup section */
		B5B6F16F2997D282005727BB = {
			isa = PBXGroup;
			children = (
				B5B6F17A2997D282005727BB /* GitHub-App-Composable */,
				B5B6F1792997D282005727BB /* Products */,
			);
			sourceTree = "<group>";
		};
		B5B6F1792997D282005727BB /* Products */ = {
			isa = PBXGroup;
			children = (
				B5B6F1782997D282005727BB /* GitHub-App-Composable.app */,
			);
			name = Products;
			sourceTree = "<group>";
		};
		B5B6F17A2997D282005727BB /* GitHub-App-Composable */ = {
			isa = PBXGroup;
			children = (
				B5B6F17B2997D282005727BB /* GitHub_App_ComposableApp.swift */,
				B5B6F19F2997D2AF005727BB /* Views */,
				B5B6F19A2997D2A9005727BB /* States */,
				B5B6F1912997D2A3005727BB /* Helpers */,
				B5B6F18C2997D29E005727BB /* Extensions */,
				B5B6F1892997D293005727BB /* Models */,
				B5B6F17F2997D283005727BB /* Assets.xcassets */,
				B5B6F1812997D283005727BB /* Preview Content */,
			);
			path = "GitHub-App-Composable";
			sourceTree = "<group>";
		};
		B5B6F1812997D283005727BB /* Preview Content */ = {
			isa = PBXGroup;
			children = (
				B5B6F1822997D283005727BB /* Preview Assets.xcassets */,
			);
			path = "Preview Content";
			sourceTree = "<group>";
		};
		B5B6F1892997D293005727BB /* Models */ = {
			isa = PBXGroup;
			children = (
				B5B6F18A2997D293005727BB /* TokenResponse.swift */,
				B5BE5D4B299EA6B600FF7CC9 /* RepositoriesResponse.swift */,
			);
			path = Models;
			sourceTree = "<group>";
		};
		B5B6F18C2997D29E005727BB /* Extensions */ = {
			isa = PBXGroup;
			children = (
				B5B6F18D2997D29E005727BB /* UIImage+Extension.swift */,
				B5B6F18E2997D29E005727BB /* String+Extension.swift */,
				B58CCBC9299F91A500B4BAED /* Binding+Extension.swift */,
			);
			path = Extensions;
			sourceTree = "<group>";
		};
		B5B6F1912997D2A3005727BB /* Helpers */ = {
			isa = PBXGroup;
			children = (
				B5B6F1B02997F200005727BB /* Network */,
				B5B6F1942997D2A3005727BB /* Logger.swift */,
				B5BE5D47299D2B6A00FF7CC9 /* ComposableAdaptive.swift */,
				B515030229A3D5B900D87787 /* AsyncManager.swift */,
			);
			path = Helpers;
			sourceTree = "<group>";
		};
		B5B6F19A2997D2A9005727BB /* States */ = {
			isa = PBXGroup;
			children = (
				B5B6F19B2997D2A9005727BB /* AppReducer.swift */,
				B5B6F19C2997D2A9005727BB /* AuthReducer.swift */,
				B5BE5D49299E83EC00FF7CC9 /* SearchReducer.swift */,
			);
			path = States;
			sourceTree = "<group>";
		};
		B5B6F19F2997D2AF005727BB /* Views */ = {
			isa = PBXGroup;
			children = (
				B5B6F1A02997D2AF005727BB /* SearchView.swift */,
				B5B6F1A12997D2AF005727BB /* AuthView.swift */,
				B5B6F1A22997D2AF005727BB /* WebView.swift */,
				B531716E2998F40500BE5482 /* AppView.swift */,
				B515030429A3D91200D87787 /* ActivityIndicator.swift */,
			);
			path = Views;
			sourceTree = "<group>";
		};
		B5B6F1B02997F200005727BB /* Network */ = {
			isa = PBXGroup;
			children = (
				B5B6F1952997D2A3005727BB /* GitHubClient.swift */,
				B5B6F1B12997F222005727BB /* GitHubClient+Composable.swift */,
				B5B6F1B32997F258005727BB /* MoyaService.swift */,
			);
			path = Network;
			sourceTree = "<group>";
		};
/* End PBXGroup section */

/* Begin PBXNativeTarget section */
		B5B6F1772997D282005727BB /* GitHub-App-Composable */ = {
			isa = PBXNativeTarget;
			buildConfigurationList = B5B6F1862997D283005727BB /* Build configuration list for PBXNativeTarget "GitHub-App-Composable" */;
			buildPhases = (
				B5B6F1742997D282005727BB /* Sources */,
				B5B6F1752997D282005727BB /* Frameworks */,
				B5B6F1762997D282005727BB /* Resources */,
			);
			buildRules = (
			);
			dependencies = (
			);
			name = "GitHub-App-Composable";
			packageProductDependencies = (
				B5B6F1A72997D32D005727BB /* CombineMoya */,
				B5B6F1AA2997D353005727BB /* ComposableArchitecture */,
				B5BE5D45299D28DE00FF7CC9 /* KeychainStored */,
			);
			productName = "GitHub-App-Composable";
			productReference = B5B6F1782997D282005727BB /* GitHub-App-Composable.app */;
			productType = "com.apple.product-type.application";
		};
/* End PBXNativeTarget section */

/* Begin PBXProject section */
		B5B6F1702997D282005727BB /* Project object */ = {
			isa = PBXProject;
			attributes = {
				BuildIndependentTargetsInParallel = 1;
				LastSwiftUpdateCheck = 1420;
				LastUpgradeCheck = 1420;
				TargetAttributes = {
					B5B6F1772997D282005727BB = {
						CreatedOnToolsVersion = 14.2;
					};
				};
			};
			buildConfigurationList = B5B6F1732997D282005727BB /* Build configuration list for PBXProject "GitHub-App-Composable" */;
			compatibilityVersion = "Xcode 14.0";
			developmentRegion = en;
			hasScannedForEncodings = 0;
			knownRegions = (
				en,
				Base,
			);
			mainGroup = B5B6F16F2997D282005727BB;
			packageReferences = (
				B5B6F1A62997D32D005727BB /* XCRemoteSwiftPackageReference "Moya" */,
				B5B6F1A92997D353005727BB /* XCRemoteSwiftPackageReference "swift-composable-architecture" */,
				B5BE5D44299D28DE00FF7CC9 /* XCRemoteSwiftPackageReference "KeychainStored" */,
			);
			productRefGroup = B5B6F1792997D282005727BB /* Products */;
			projectDirPath = "";
			projectRoot = "";
			targets = (
				B5B6F1772997D282005727BB /* GitHub-App-Composable */,
			);
		};
/* End PBXProject section */

/* Begin PBXResourcesBuildPhase section */
		B5B6F1762997D282005727BB /* Resources */ = {
			isa = PBXResourcesBuildPhase;
			buildActionMask = 2147483647;
			files = (
				B5B6F1832997D283005727BB /* Preview Assets.xcassets in Resources */,
				B5B6F1802997D283005727BB /* Assets.xcassets in Resources */,
			);
			runOnlyForDeploymentPostprocessing = 0;
		};
/* End PBXResourcesBuildPhase section */

/* Begin PBXSourcesBuildPhase section */
		B5B6F1742997D282005727BB /* Sources */ = {
			isa = PBXSourcesBuildPhase;
			buildActionMask = 2147483647;
			files = (
				B5B6F18B2997D293005727BB /* TokenResponse.swift in Sources */,
				B5B6F17C2997D282005727BB /* GitHub_App_ComposableApp.swift in Sources */,
				B5B6F1A32997D2AF005727BB /* SearchView.swift in Sources */,
				B5BE5D4C299EA6B600FF7CC9 /* RepositoriesResponse.swift in Sources */,
				B5BE5D4A299E83EC00FF7CC9 /* SearchReducer.swift in Sources */,
				B5B6F1992997D2A3005727BB /* GitHubClient.swift in Sources */,
				B5B6F1A42997D2AF005727BB /* AuthView.swift in Sources */,
				B5B6F19D2997D2A9005727BB /* AppReducer.swift in Sources */,
				B5B6F19E2997D2A9005727BB /* AuthReducer.swift in Sources */,
				B5B6F1902997D29E005727BB /* String+Extension.swift in Sources */,
				B5B6F18F2997D29E005727BB /* UIImage+Extension.swift in Sources */,
				B5B6F1982997D2A3005727BB /* Logger.swift in Sources */,
				B515030329A3D5B900D87787 /* AsyncManager.swift in Sources */,
				B5BE5D48299D2B6A00FF7CC9 /* ComposableAdaptive.swift in Sources */,
				B58CCBCA299F91A500B4BAED /* Binding+Extension.swift in Sources */,
				B5B6F1A52997D2AF005727BB /* WebView.swift in Sources */,
				B515030529A3D91200D87787 /* ActivityIndicator.swift in Sources */,
				B531716F2998F40500BE5482 /* AppView.swift in Sources */,
				B5B6F1B22997F222005727BB /* GitHubClient+Composable.swift in Sources */,
				B5B6F1B42997F258005727BB /* MoyaService.swift in Sources */,
			);
			runOnlyForDeploymentPostprocessing = 0;
		};
/* End PBXSourcesBuildPhase section */

/* Begin XCBuildConfiguration section */
		B5B6F1842997D283005727BB /* Debug */ = {
			isa = XCBuildConfiguration;
			buildSettings = {
				ALWAYS_SEARCH_USER_PATHS = NO;
				CLANG_ANALYZER_NONNULL = YES;
				CLANG_ANALYZER_NUMBER_OBJECT_CONVERSION = YES_AGGRESSIVE;
				CLANG_CXX_LANGUAGE_STANDARD = "gnu++20";
				CLANG_ENABLE_MODULES = YES;
				CLANG_ENABLE_OBJC_ARC = YES;
				CLANG_ENABLE_OBJC_WEAK = YES;
				CLANG_WARN_BLOCK_CAPTURE_AUTORELEASING = YES;
				CLANG_WARN_BOOL_CONVERSION = YES;
				CLANG_WARN_COMMA = YES;
				CLANG_WARN_CONSTANT_CONVERSION = YES;
				CLANG_WARN_DEPRECATED_OBJC_IMPLEMENTATIONS = YES;
				CLANG_WARN_DIRECT_OBJC_ISA_USAGE = YES_ERROR;
				CLANG_WARN_DOCUMENTATION_COMMENTS = YES;
				CLANG_WARN_EMPTY_BODY = YES;
				CLANG_WARN_ENUM_CONVERSION = YES;
				CLANG_WARN_INFINITE_RECURSION = YES;
				CLANG_WARN_INT_CONVERSION = YES;
				CLANG_WARN_NON_LITERAL_NULL_CONVERSION = YES;
				CLANG_WARN_OBJC_IMPLICIT_RETAIN_SELF = YES;
				CLANG_WARN_OBJC_LITERAL_CONVERSION = YES;
				CLANG_WARN_OBJC_ROOT_CLASS = YES_ERROR;
				CLANG_WARN_QUOTED_INCLUDE_IN_FRAMEWORK_HEADER = YES;
				CLANG_WARN_RANGE_LOOP_ANALYSIS = YES;
				CLANG_WARN_STRICT_PROTOTYPES = YES;
				CLANG_WARN_SUSPICIOUS_MOVE = YES;
				CLANG_WARN_UNGUARDED_AVAILABILITY = YES_AGGRESSIVE;
				CLANG_WARN_UNREACHABLE_CODE = YES;
				CLANG_WARN__DUPLICATE_METHOD_MATCH = YES;
				COPY_PHASE_STRIP = NO;
				DEBUG_INFORMATION_FORMAT = dwarf;
				ENABLE_STRICT_OBJC_MSGSEND = YES;
				ENABLE_TESTABILITY = YES;
				GCC_C_LANGUAGE_STANDARD = gnu11;
				GCC_DYNAMIC_NO_PIC = NO;
				GCC_NO_COMMON_BLOCKS = YES;
				GCC_OPTIMIZATION_LEVEL = 0;
				GCC_PREPROCESSOR_DEFINITIONS = (
					"DEBUG=1",
					"$(inherited)",
				);
				GCC_WARN_64_TO_32_BIT_CONVERSION = YES;
				GCC_WARN_ABOUT_RETURN_TYPE = YES_ERROR;
				GCC_WARN_UNDECLARED_SELECTOR = YES;
				GCC_WARN_UNINITIALIZED_AUTOS = YES_AGGRESSIVE;
				GCC_WARN_UNUSED_FUNCTION = YES;
				GCC_WARN_UNUSED_VARIABLE = YES;
				IPHONEOS_DEPLOYMENT_TARGET = 16.2;
				MTL_ENABLE_DEBUG_INFO = INCLUDE_SOURCE;
				MTL_FAST_MATH = YES;
				ONLY_ACTIVE_ARCH = YES;
				SDKROOT = iphoneos;
				SWIFT_ACTIVE_COMPILATION_CONDITIONS = DEBUG;
				SWIFT_OPTIMIZATION_LEVEL = "-Onone";
			};
			name = Debug;
		};
		B5B6F1852997D283005727BB /* Release */ = {
			isa = XCBuildConfiguration;
			buildSettings = {
				ALWAYS_SEARCH_USER_PATHS = NO;
				CLANG_ANALYZER_NONNULL = YES;
				CLANG_ANALYZER_NUMBER_OBJECT_CONVERSION = YES_AGGRESSIVE;
				CLANG_CXX_LANGUAGE_STANDARD = "gnu++20";
				CLANG_ENABLE_MODULES = YES;
				CLANG_ENABLE_OBJC_ARC = YES;
				CLANG_ENABLE_OBJC_WEAK = YES;
				CLANG_WARN_BLOCK_CAPTURE_AUTORELEASING = YES;
				CLANG_WARN_BOOL_CONVERSION = YES;
				CLANG_WARN_COMMA = YES;
				CLANG_WARN_CONSTANT_CONVERSION = YES;
				CLANG_WARN_DEPRECATED_OBJC_IMPLEMENTATIONS = YES;
				CLANG_WARN_DIRECT_OBJC_ISA_USAGE = YES_ERROR;
				CLANG_WARN_DOCUMENTATION_COMMENTS = YES;
				CLANG_WARN_EMPTY_BODY = YES;
				CLANG_WARN_ENUM_CONVERSION = YES;
				CLANG_WARN_INFINITE_RECURSION = YES;
				CLANG_WARN_INT_CONVERSION = YES;
				CLANG_WARN_NON_LITERAL_NULL_CONVERSION = YES;
				CLANG_WARN_OBJC_IMPLICIT_RETAIN_SELF = YES;
				CLANG_WARN_OBJC_LITERAL_CONVERSION = YES;
				CLANG_WARN_OBJC_ROOT_CLASS = YES_ERROR;
				CLANG_WARN_QUOTED_INCLUDE_IN_FRAMEWORK_HEADER = YES;
				CLANG_WARN_RANGE_LOOP_ANALYSIS = YES;
				CLANG_WARN_STRICT_PROTOTYPES = YES;
				CLANG_WARN_SUSPICIOUS_MOVE = YES;
				CLANG_WARN_UNGUARDED_AVAILABILITY = YES_AGGRESSIVE;
				CLANG_WARN_UNREACHABLE_CODE = YES;
				CLANG_WARN__DUPLICATE_METHOD_MATCH = YES;
				COPY_PHASE_STRIP = NO;
				DEBUG_INFORMATION_FORMAT = "dwarf-with-dsym";
				ENABLE_NS_ASSERTIONS = NO;
				ENABLE_STRICT_OBJC_MSGSEND = YES;
				GCC_C_LANGUAGE_STANDARD = gnu11;
				GCC_NO_COMMON_BLOCKS = YES;
				GCC_WARN_64_TO_32_BIT_CONVERSION = YES;
				GCC_WARN_ABOUT_RETURN_TYPE = YES_ERROR;
				GCC_WARN_UNDECLARED_SELECTOR = YES;
				GCC_WARN_UNINITIALIZED_AUTOS = YES_AGGRESSIVE;
				GCC_WARN_UNUSED_FUNCTION = YES;
				GCC_WARN_UNUSED_VARIABLE = YES;
				IPHONEOS_DEPLOYMENT_TARGET = 16.2;
				MTL_ENABLE_DEBUG_INFO = NO;
				MTL_FAST_MATH = YES;
				SDKROOT = iphoneos;
				SWIFT_COMPILATION_MODE = wholemodule;
				SWIFT_OPTIMIZATION_LEVEL = "-O";
				VALIDATE_PRODUCT = YES;
			};
			name = Release;
		};
		B5B6F1872997D283005727BB /* Debug */ = {
			isa = XCBuildConfiguration;
			buildSettings = {
				ASSETCATALOG_COMPILER_APPICON_NAME = AppIcon;
				ASSETCATALOG_COMPILER_GLOBAL_ACCENT_COLOR_NAME = AccentColor;
				CODE_SIGN_STYLE = Automatic;
				CURRENT_PROJECT_VERSION = 1;
				DEVELOPMENT_ASSET_PATHS = "\"GitHub-App-Composable/Preview Content\"";
				DEVELOPMENT_TEAM = 585BX3KVC6;
				ENABLE_PREVIEWS = YES;
				GENERATE_INFOPLIST_FILE = YES;
				INFOPLIST_KEY_UIApplicationSceneManifest_Generation = YES;
				INFOPLIST_KEY_UIApplicationSupportsIndirectInputEvents = YES;
				INFOPLIST_KEY_UILaunchScreen_Generation = YES;
				INFOPLIST_KEY_UISupportedInterfaceOrientations_iPad = "UIInterfaceOrientationPortrait UIInterfaceOrientationPortraitUpsideDown UIInterfaceOrientationLandscapeLeft UIInterfaceOrientationLandscapeRight";
				INFOPLIST_KEY_UISupportedInterfaceOrientations_iPhone = "UIInterfaceOrientationPortrait UIInterfaceOrientationLandscapeLeft UIInterfaceOrientationLandscapeRight";
				LD_RUNPATH_SEARCH_PATHS = (
					"$(inherited)",
					"@executable_path/Frameworks",
				);
				MARKETING_VERSION = 1.0;
				PRODUCT_BUNDLE_IDENTIFIER = "artem.very.well.GitHub-App-Composable";
				PRODUCT_NAME = "$(TARGET_NAME)";
				SWIFT_EMIT_LOC_STRINGS = YES;
				SWIFT_VERSION = 5.0;
				TARGETED_DEVICE_FAMILY = "1,2";
			};
			name = Debug;
		};
		B5B6F1882997D283005727BB /* Release */ = {
			isa = XCBuildConfiguration;
			buildSettings = {
				ASSETCATALOG_COMPILER_APPICON_NAME = AppIcon;
				ASSETCATALOG_COMPILER_GLOBAL_ACCENT_COLOR_NAME = AccentColor;
				CODE_SIGN_STYLE = Automatic;
				CURRENT_PROJECT_VERSION = 1;
				DEVELOPMENT_ASSET_PATHS = "\"GitHub-App-Composable/Preview Content\"";
				DEVELOPMENT_TEAM = 585BX3KVC6;
				ENABLE_PREVIEWS = YES;
				GENERATE_INFOPLIST_FILE = YES;
				INFOPLIST_KEY_UIApplicationSceneManifest_Generation = YES;
				INFOPLIST_KEY_UIApplicationSupportsIndirectInputEvents = YES;
				INFOPLIST_KEY_UILaunchScreen_Generation = YES;
				INFOPLIST_KEY_UISupportedInterfaceOrientations_iPad = "UIInterfaceOrientationPortrait UIInterfaceOrientationPortraitUpsideDown UIInterfaceOrientationLandscapeLeft UIInterfaceOrientationLandscapeRight";
				INFOPLIST_KEY_UISupportedInterfaceOrientations_iPhone = "UIInterfaceOrientationPortrait UIInterfaceOrientationLandscapeLeft UIInterfaceOrientationLandscapeRight";
				LD_RUNPATH_SEARCH_PATHS = (
					"$(inherited)",
					"@executable_path/Frameworks",
				);
				MARKETING_VERSION = 1.0;
				PRODUCT_BUNDLE_IDENTIFIER = "artem.very.well.GitHub-App-Composable";
				PRODUCT_NAME = "$(TARGET_NAME)";
				SWIFT_EMIT_LOC_STRINGS = YES;
				SWIFT_VERSION = 5.0;
				TARGETED_DEVICE_FAMILY = "1,2";
			};
			name = Release;
		};
/* End XCBuildConfiguration section */

/* Begin XCConfigurationList section */
		B5B6F1732997D282005727BB /* Build configuration list for PBXProject "GitHub-App-Composable" */ = {
			isa = XCConfigurationList;
			buildConfigurations = (
				B5B6F1842997D283005727BB /* Debug */,
				B5B6F1852997D283005727BB /* Release */,
			);
			defaultConfigurationIsVisible = 0;
			defaultConfigurationName = Release;
		};
		B5B6F1862997D283005727BB /* Build configuration list for PBXNativeTarget "GitHub-App-Composable" */ = {
			isa = XCConfigurationList;
			buildConfigurations = (
				B5B6F1872997D283005727BB /* Debug */,
				B5B6F1882997D283005727BB /* Release */,
			);
			defaultConfigurationIsVisible = 0;
			defaultConfigurationName = Release;
		};
/* End XCConfigurationList section */

/* Begin XCRemoteSwiftPackageReference section */
		B5B6F1A62997D32D005727BB /* XCRemoteSwiftPackageReference "Moya" */ = {
			isa = XCRemoteSwiftPackageReference;
			repositoryURL = "https://github.com/Moya/Moya";
			requirement = {
				kind = exactVersion;
				version = 15.0.0;
			};
		};
		B5B6F1A92997D353005727BB /* XCRemoteSwiftPackageReference "swift-composable-architecture" */ = {
			isa = XCRemoteSwiftPackageReference;
			repositoryURL = "https://github.com/pointfreeco/swift-composable-architecture";
			requirement = {
				kind = exactVersion;
				version = 0.50.2;
			};
		};
		B5BE5D44299D28DE00FF7CC9 /* XCRemoteSwiftPackageReference "KeychainStored" */ = {
			isa = XCRemoteSwiftPackageReference;
			repositoryURL = "https://github.com/owowagency/KeychainStored";
			requirement = {
				kind = exactVersion;
				version = 1.0.0;
			};
		};
/* End XCRemoteSwiftPackageReference section */

/* Begin XCSwiftPackageProductDependency section */
		B5B6F1A72997D32D005727BB /* CombineMoya */ = {
			isa = XCSwiftPackageProductDependency;
			package = B5B6F1A62997D32D005727BB /* XCRemoteSwiftPackageReference "Moya" */;
			productName = CombineMoya;
		};
		B5B6F1AA2997D353005727BB /* ComposableArchitecture */ = {
			isa = XCSwiftPackageProductDependency;
			package = B5B6F1A92997D353005727BB /* XCRemoteSwiftPackageReference "swift-composable-architecture" */;
			productName = ComposableArchitecture;
		};
		B5BE5D45299D28DE00FF7CC9 /* KeychainStored */ = {
			isa = XCSwiftPackageProductDependency;
			package = B5BE5D44299D28DE00FF7CC9 /* XCRemoteSwiftPackageReference "KeychainStored" */;
			productName = KeychainStored;
		};
/* End XCSwiftPackageProductDependency section */
	};
	rootObject = B5B6F1702997D282005727BB /* Project object */;
}
